
Microsoft Visual Studio Solution File, Format Version 12.00
# Visual Studio 15
VisualStudioVersion = 15.0.28307.1022
MinimumVisualStudioVersion = 10.0.40219.1
Project("{FAE04EC0-301F-11D3-BF4B-00C04F79EFBC}") = "HMS", "HMS\HMS.csproj", "{C7503B76-1A43-4528-AAF5-D7CF60FF1D2F}"
EndProject
Project("{FAE04EC0-301F-11D3-BF4B-00C04F79EFBC}") = "HMS.Entities", "HMS.Entities\HMS.Entities.csproj", "{9CA7EEC1-3521-4F41-995E-9573C5687837}"
EndProject
Project("{FAE04EC0-301F-11D3-BF4B-00C04F79EFBC}") = "HMS.DataBase", "HMS.DataBase\HMS.DataBase.csproj", "{F2E68091-8D64-4212-BDD2-AB8DB8B6F81B}"
EndProject
Project("{FAE04EC0-301F-11D3-BF4B-00C04F79EFBC}") = "HMS.Services", "HMS.Services\HMS.Services.csproj", "{98651547-DE4F-44F8-BDA8-C738BA442734}"
EndProject
Global
	GlobalSection(SolutionConfigurationPlatforms) = preSolution
		Debug|Any CPU = Debug|Any CPU
		Release|Any CPU = Release|Any CPU
	EndGlobalSection
	GlobalSection(ProjectConfigurationPlatforms) = postSolution
		{C7503B76-1A43-4528-AAF5-D7CF60FF1D2F}.Debug|Any CPU.ActiveCfg = Debug|Any CPU
		{C7503B76-1A43-4528-AAF5-D7CF60FF1D2F}.Debug|Any CPU.Build.0 = Debug|Any CPU
		{C7503B76-1A43-4528-AAF5-D7CF60FF1D2F}.Release|Any CPU.ActiveCfg = Release|Any CPU
		{C7503B76-1A43-4528-AAF5-D7CF60FF1D2F}.Release|Any CPU.Build.0 = Release|Any CPU
		{9CA7EEC1-3521-4F41-995E-9573C5687837}.Debug|Any CPU.ActiveCfg = Debug|Any CPU
		{9CA7EEC1-3521-4F41-995E-9573C5687837}.Debug|Any CPU.Build.0 = Debug|Any CPU
		{9CA7EEC1-3521-4F41-995E-9573C5687837}.Release|Any CPU.ActiveCfg = Release|Any CPU
		{9CA7EEC1-3521-4F41-995E-9573C5687837}.Release|Any CPU.Build.0 = Release|Any CPU
		{F2E68091-8D64-4212-BDD2-AB8DB8B6F81B}.Debug|Any CPU.ActiveCfg = Debug|Any CPU
		{F2E68091-8D64-4212-BDD2-AB8DB8B6F81B}.Debug|Any CPU.Build.0 = Debug|Any CPU
		{F2E68091-8D64-4212-BDD2-AB8DB8B6F81B}.Release|Any CPU.ActiveCfg = Release|Any CPU
		{F2E68091-8D64-4212-BDD2-AB8DB8B6F81B}.Release|Any CPU.Build.0 = Release|Any CPU
		{98651547-DE4F-44F8-BDA8-C738BA442734}.Debug|Any CPU.ActiveCfg = Debug|Any CPU
		{98651547-DE4F-44F8-BDA8-C738BA442734}.Debug|Any CPU.Build.0 = Debug|Any CPU
		{98651547-DE4F-44F8-BDA8-C738BA442734}.Release|Any CPU.ActiveCfg = Release|Any CPU
		{98651547-DE4F-44F8-BDA8-C738BA442734}.Release|Any CPU.Build.0 = Release|Any CPU
	EndGlobalSection
	GlobalSection(SolutionProperties) = preSolution
		HideSolutionNode = FALSE
	EndGlobalSection
	GlobalSection(ExtensibilityGlobals) = postSolution
		SolutionGuid = {3EE1FDED-650C-491B-B025-3143FEA3FEEE}
	EndGlobalSection
EndGlobal
